
Microsoft Visual Studio Solution File, Format Version 12.00
# Visual Studio Version 17
VisualStudioVersion = 17.9.34714.143
MinimumVisualStudioVersion = 10.0.40219.1
Project("{9A19103F-16F7-4668-BE54-9A1E7A4F7556}") = "Day01", "Day1\Day01.csproj", "{B3303E4B-F02B-45BF-98F0-C6B0BB2CD552}"
EndProject
Project("{FAE04EC0-301F-11D3-BF4B-00C04F79EFBC}") = "Day02", "Day2\Day02.csproj", "{065ED5DD-0078-42FF-9ABC-62FCC092AE90}"
EndProject
Project("{FAE04EC0-301F-11D3-BF4B-00C04F79EFBC}") = "Day03", "Day3\Day03.csproj", "{5F435B95-DEEA-4898-8252-04D525D25A9C}"
EndProject
Project("{FAE04EC0-301F-11D3-BF4B-00C04F79EFBC}") = "Day04", "Day4\Day04.csproj", "{55C0AF2E-F95A-440B-8820-7CC06ED534E2}"
EndProject
Project("{FAE04EC0-301F-11D3-BF4B-00C04F79EFBC}") = "Day05", "Day5\Day05.csproj", "{A0CE4301-C9CA-4626-8C68-8669AFB8B0AD}"
EndProject
Project("{FAE04EC0-301F-11D3-BF4B-00C04F79EFBC}") = "Day06", "Day6\Day06.csproj", "{19C75319-3C15-4B7C-8892-8CAE85B3D767}"
EndProject
Project("{FAE04EC0-301F-11D3-BF4B-00C04F79EFBC}") = "Day07", "Day7\Day07.csproj", "{AD7F7009-3C51-415F-83E0-3BE8720A0DF0}"
EndProject
Project("{FAE04EC0-301F-11D3-BF4B-00C04F79EFBC}") = "Day08", "Day8\Day08.csproj", "{00582C16-E688-4CD0-BB54-C3DD0FA09077}"
EndProject
Project("{FAE04EC0-301F-11D3-BF4B-00C04F79EFBC}") = "Day09", "Day9\Day09.csproj", "{40F5A389-F1ED-4154-8C2C-939188F00AA7}"
EndProject
Project("{FAE04EC0-301F-11D3-BF4B-00C04F79EFBC}") = "Day10", "Day10\Day10.csproj", "{DC3B0DD4-283E-4736-B723-16F53643A484}"
EndProject
Project("{FAE04EC0-301F-11D3-BF4B-00C04F79EFBC}") = "Day11", "Day11\Day11.csproj", "{FC4CA993-94D5-4F3F-940E-7635960D9571}"
EndProject
Global
	GlobalSection(SolutionConfigurationPlatforms) = preSolution
		Debug|Any CPU = Debug|Any CPU
		Release|Any CPU = Release|Any CPU
	EndGlobalSection
	GlobalSection(ProjectConfigurationPlatforms) = postSolution
		{B3303E4B-F02B-45BF-98F0-C6B0BB2CD552}.Debug|Any CPU.ActiveCfg = Debug|Any CPU
		{B3303E4B-F02B-45BF-98F0-C6B0BB2CD552}.Debug|Any CPU.Build.0 = Debug|Any CPU
		{B3303E4B-F02B-45BF-98F0-C6B0BB2CD552}.Release|Any CPU.ActiveCfg = Release|Any CPU
		{B3303E4B-F02B-45BF-98F0-C6B0BB2CD552}.Release|Any CPU.Build.0 = Release|Any CPU
		{065ED5DD-0078-42FF-9ABC-62FCC092AE90}.Debug|Any CPU.ActiveCfg = Debug|Any CPU
		{065ED5DD-0078-42FF-9ABC-62FCC092AE90}.Debug|Any CPU.Build.0 = Debug|Any CPU
		{065ED5DD-0078-42FF-9ABC-62FCC092AE90}.Release|Any CPU.ActiveCfg = Release|Any CPU
		{065ED5DD-0078-42FF-9ABC-62FCC092AE90}.Release|Any CPU.Build.0 = Release|Any CPU
		{5F435B95-DEEA-4898-8252-04D525D25A9C}.Debug|Any CPU.ActiveCfg = Debug|Any CPU
		{5F435B95-DEEA-4898-8252-04D525D25A9C}.Debug|Any CPU.Build.0 = Debug|Any CPU
		{5F435B95-DEEA-4898-8252-04D525D25A9C}.Release|Any CPU.ActiveCfg = Release|Any CPU
		{5F435B95-DEEA-4898-8252-04D525D25A9C}.Release|Any CPU.Build.0 = Release|Any CPU
		{55C0AF2E-F95A-440B-8820-7CC06ED534E2}.Debug|Any CPU.ActiveCfg = Debug|Any CPU
		{55C0AF2E-F95A-440B-8820-7CC06ED534E2}.Debug|Any CPU.Build.0 = Debug|Any CPU
		{55C0AF2E-F95A-440B-8820-7CC06ED534E2}.Release|Any CPU.ActiveCfg = Release|Any CPU
		{55C0AF2E-F95A-440B-8820-7CC06ED534E2}.Release|Any CPU.Build.0 = Release|Any CPU
		{A0CE4301-C9CA-4626-8C68-8669AFB8B0AD}.Debug|Any CPU.ActiveCfg = Debug|Any CPU
		{A0CE4301-C9CA-4626-8C68-8669AFB8B0AD}.Debug|Any CPU.Build.0 = Debug|Any CPU
		{A0CE4301-C9CA-4626-8C68-8669AFB8B0AD}.Release|Any CPU.ActiveCfg = Release|Any CPU
		{A0CE4301-C9CA-4626-8C68-8669AFB8B0AD}.Release|Any CPU.Build.0 = Release|Any CPU
		{19C75319-3C15-4B7C-8892-8CAE85B3D767}.Debug|Any CPU.ActiveCfg = Debug|Any CPU
		{19C75319-3C15-4B7C-8892-8CAE85B3D767}.Debug|Any CPU.Build.0 = Debug|Any CPU
		{19C75319-3C15-4B7C-8892-8CAE85B3D767}.Release|Any CPU.ActiveCfg = Release|Any CPU
		{19C75319-3C15-4B7C-8892-8CAE85B3D767}.Release|Any CPU.Build.0 = Release|Any CPU
		{AD7F7009-3C51-415F-83E0-3BE8720A0DF0}.Debug|Any CPU.ActiveCfg = Debug|Any CPU
		{AD7F7009-3C51-415F-83E0-3BE8720A0DF0}.Debug|Any CPU.Build.0 = Debug|Any CPU
		{AD7F7009-3C51-415F-83E0-3BE8720A0DF0}.Release|Any CPU.ActiveCfg = Release|Any CPU
		{AD7F7009-3C51-415F-83E0-3BE8720A0DF0}.Release|Any CPU.Build.0 = Release|Any CPU
		{00582C16-E688-4CD0-BB54-C3DD0FA09077}.Debug|Any CPU.ActiveCfg = Debug|Any CPU
		{00582C16-E688-4CD0-BB54-C3DD0FA09077}.Debug|Any CPU.Build.0 = Debug|Any CPU
		{00582C16-E688-4CD0-BB54-C3DD0FA09077}.Release|Any CPU.ActiveCfg = Release|Any CPU
		{00582C16-E688-4CD0-BB54-C3DD0FA09077}.Release|Any CPU.Build.0 = Release|Any CPU
		{40F5A389-F1ED-4154-8C2C-939188F00AA7}.Debug|Any CPU.ActiveCfg = Debug|Any CPU
		{40F5A389-F1ED-4154-8C2C-939188F00AA7}.Debug|Any CPU.Build.0 = Debug|Any CPU
		{40F5A389-F1ED-4154-8C2C-939188F00AA7}.Release|Any CPU.ActiveCfg = Release|Any CPU
		{40F5A389-F1ED-4154-8C2C-939188F00AA7}.Release|Any CPU.Build.0 = Release|Any CPU
		{DC3B0DD4-283E-4736-B723-16F53643A484}.Debug|Any CPU.ActiveCfg = Debug|Any CPU
		{DC3B0DD4-283E-4736-B723-16F53643A484}.Debug|Any CPU.Build.0 = Debug|Any CPU
		{DC3B0DD4-283E-4736-B723-16F53643A484}.Release|Any CPU.ActiveCfg = Release|Any CPU
		{DC3B0DD4-283E-4736-B723-16F53643A484}.Release|Any CPU.Build.0 = Release|Any CPU
		{FC4CA993-94D5-4F3F-940E-7635960D9571}.Debug|Any CPU.ActiveCfg = Debug|Any CPU
		{FC4CA993-94D5-4F3F-940E-7635960D9571}.Debug|Any CPU.Build.0 = Debug|Any CPU
		{FC4CA993-94D5-4F3F-940E-7635960D9571}.Release|Any CPU.ActiveCfg = Release|Any CPU
		{FC4CA993-94D5-4F3F-940E-7635960D9571}.Release|Any CPU.Build.0 = Release|Any CPU
	EndGlobalSection
	GlobalSection(SolutionProperties) = preSolution
		HideSolutionNode = FALSE
	EndGlobalSection
	GlobalSection(ExtensibilityGlobals) = postSolution
		SolutionGuid = {A4DEFA5B-7F48-4D7A-A6C7-CF8853BA80CD}
	EndGlobalSection
EndGlobal
